// !$*UTF8*$!
{
	archiveVersion = 1;
	classes = {
	};
	objectVersion = 55;
	objects = {

/* Begin PBXBuildFile section */
		A32531DD267AC2FD007ACEFC /* CatVideoPlayerApp.swift in Sources */ = {isa = PBXBuildFile; fileRef = A32531DC267AC2FD007ACEFC /* CatVideoPlayerApp.swift */; };
		A32531DF267AC2FD007ACEFC /* ContentView.swift in Sources */ = {isa = PBXBuildFile; fileRef = A32531DE267AC2FD007ACEFC /* ContentView.swift */; };
		A32531E1267AC2FE007ACEFC /* Assets.xcassets in Resources */ = {isa = PBXBuildFile; fileRef = A32531E0267AC2FE007ACEFC /* Assets.xcassets */; };
		A32531E4267AC2FE007ACEFC /* Preview Assets.xcassets in Resources */ = {isa = PBXBuildFile; fileRef = A32531E3267AC2FE007ACEFC /* Preview Assets.xcassets */; };
		A32531E6267AC2FE007ACEFC /* Persistence.swift in Sources */ = {isa = PBXBuildFile; fileRef = A32531E5267AC2FE007ACEFC /* Persistence.swift */; };
		A32531E9267AC2FE007ACEFC /* CatVideoPlayer.xcdatamodeld in Sources */ = {isa = PBXBuildFile; fileRef = A32531E7267AC2FE007ACEFC /* CatVideoPlayer.xcdatamodeld */; };
		A32531F3267AC2FE007ACEFC /* CatVideoPlayerTests.swift in Sources */ = {isa = PBXBuildFile; fileRef = A32531F2267AC2FE007ACEFC /* CatVideoPlayerTests.swift */; };
		A32531FD267AC2FE007ACEFC /* CatVideoPlayerUITests.swift in Sources */ = {isa = PBXBuildFile; fileRef = A32531FC267AC2FE007ACEFC /* CatVideoPlayerUITests.swift */; };
		A3253210267ACA47007ACEFC /* GAME_Catching_Mice.mp4 in Resources */ = {isa = PBXBuildFile; fileRef = A325320F267AC9DA007ACEFC /* GAME_Catching_Mice.mp4 */; };
		A34621E926856C05007FAACC /* VidePlayerViewController.swift in Sources */ = {isa = PBXBuildFile; fileRef = A34621E826856C05007FAACC /* VidePlayerViewController.swift */; };
		A34621EC26856C37007FAACC /* VideoPlayerView.swift in Sources */ = {isa = PBXBuildFile; fileRef = A34621EB26856C37007FAACC /* VideoPlayerView.swift */; };
		A34621F426857176007FAACC /* VideosListView.swift in Sources */ = {isa = PBXBuildFile; fileRef = A34621F326857176007FAACC /* VideosListView.swift */; };
		A34621F6268573FB007FAACC /* VideoURLInputView.swift in Sources */ = {isa = PBXBuildFile; fileRef = A34621F5268573FB007FAACC /* VideoURLInputView.swift */; };
		A34621F9268584E7007FAACC /* URL+Extension.swift in Sources */ = {isa = PBXBuildFile; fileRef = A34621F8268584E7007FAACC /* URL+Extension.swift */; };
/* End PBXBuildFile section */

/* Begin PBXContainerItemProxy section */
		A32531EF267AC2FE007ACEFC /* PBXContainerItemProxy */ = {
			isa = PBXContainerItemProxy;
			containerPortal = A32531D1267AC2FD007ACEFC /* Project object */;
			proxyType = 1;
			remoteGlobalIDString = A32531D8267AC2FD007ACEFC;
			remoteInfo = CatVideoPlayer;
		};
		A32531F9267AC2FE007ACEFC /* PBXContainerItemProxy */ = {
			isa = PBXContainerItemProxy;
			containerPortal = A32531D1267AC2FD007ACEFC /* Project object */;
			proxyType = 1;
			remoteGlobalIDString = A32531D8267AC2FD007ACEFC;
			remoteInfo = CatVideoPlayer;
		};
/* End PBXContainerItemProxy section */

/* Begin PBXFileReference section */
		A32531D9267AC2FD007ACEFC /* CatVideoPlayer.app */ = {isa = PBXFileReference; explicitFileType = wrapper.application; includeInIndex = 0; path = CatVideoPlayer.app; sourceTree = BUILT_PRODUCTS_DIR; };
		A32531DC267AC2FD007ACEFC /* CatVideoPlayerApp.swift */ = {isa = PBXFileReference; lastKnownFileType = sourcecode.swift; path = CatVideoPlayerApp.swift; sourceTree = "<group>"; };
		A32531DE267AC2FD007ACEFC /* ContentView.swift */ = {isa = PBXFileReference; lastKnownFileType = sourcecode.swift; path = ContentView.swift; sourceTree = "<group>"; };
		A32531E0267AC2FE007ACEFC /* Assets.xcassets */ = {isa = PBXFileReference; lastKnownFileType = folder.assetcatalog; path = Assets.xcassets; sourceTree = "<group>"; };
		A32531E3267AC2FE007ACEFC /* Preview Assets.xcassets */ = {isa = PBXFileReference; lastKnownFileType = folder.assetcatalog; path = "Preview Assets.xcassets"; sourceTree = "<group>"; };
		A32531E5267AC2FE007ACEFC /* Persistence.swift */ = {isa = PBXFileReference; lastKnownFileType = sourcecode.swift; path = Persistence.swift; sourceTree = "<group>"; };
		A32531E8267AC2FE007ACEFC /* CatVideoPlayer.xcdatamodel */ = {isa = PBXFileReference; lastKnownFileType = wrapper.xcdatamodel; path = CatVideoPlayer.xcdatamodel; sourceTree = "<group>"; };
		A32531EE267AC2FE007ACEFC /* CatVideoPlayerTests.xctest */ = {isa = PBXFileReference; explicitFileType = wrapper.cfbundle; includeInIndex = 0; path = CatVideoPlayerTests.xctest; sourceTree = BUILT_PRODUCTS_DIR; };
		A32531F2267AC2FE007ACEFC /* CatVideoPlayerTests.swift */ = {isa = PBXFileReference; lastKnownFileType = sourcecode.swift; path = CatVideoPlayerTests.swift; sourceTree = "<group>"; };
		A32531F8267AC2FE007ACEFC /* CatVideoPlayerUITests.xctest */ = {isa = PBXFileReference; explicitFileType = wrapper.cfbundle; includeInIndex = 0; path = CatVideoPlayerUITests.xctest; sourceTree = BUILT_PRODUCTS_DIR; };
		A32531FC267AC2FE007ACEFC /* CatVideoPlayerUITests.swift */ = {isa = PBXFileReference; lastKnownFileType = sourcecode.swift; path = CatVideoPlayerUITests.swift; sourceTree = "<group>"; };
		A325320F267AC9DA007ACEFC /* GAME_Catching_Mice.mp4 */ = {isa = PBXFileReference; lastKnownFileType = file; path = GAME_Catching_Mice.mp4; sourceTree = "<group>"; };
		A34621E826856C05007FAACC /* VidePlayerViewController.swift */ = {isa = PBXFileReference; lastKnownFileType = sourcecode.swift; path = VidePlayerViewController.swift; sourceTree = "<group>"; };
		A34621EB26856C37007FAACC /* VideoPlayerView.swift */ = {isa = PBXFileReference; lastKnownFileType = sourcecode.swift; path = VideoPlayerView.swift; sourceTree = "<group>"; };
		A34621F326857176007FAACC /* VideosListView.swift */ = {isa = PBXFileReference; lastKnownFileType = sourcecode.swift; path = VideosListView.swift; sourceTree = "<group>"; };
		A34621F5268573FB007FAACC /* VideoURLInputView.swift */ = {isa = PBXFileReference; lastKnownFileType = sourcecode.swift; path = VideoURLInputView.swift; sourceTree = "<group>"; };
		A34621F8268584E7007FAACC /* URL+Extension.swift */ = {isa = PBXFileReference; lastKnownFileType = sourcecode.swift; path = "URL+Extension.swift"; sourceTree = "<group>"; };
/* End PBXFileReference section */

/* Begin PBXFrameworksBuildPhase section */
		A32531D6267AC2FD007ACEFC /* Frameworks */ = {
			isa = PBXFrameworksBuildPhase;
			buildActionMask = 2147483647;
			files = (
			);
			runOnlyForDeploymentPostprocessing = 0;
		};
		A32531EB267AC2FE007ACEFC /* Frameworks */ = {
			isa = PBXFrameworksBuildPhase;
			buildActionMask = 2147483647;
			files = (
			);
			runOnlyForDeploymentPostprocessing = 0;
		};
		A32531F5267AC2FE007ACEFC /* Frameworks */ = {
			isa = PBXFrameworksBuildPhase;
			buildActionMask = 2147483647;
			files = (
			);
			runOnlyForDeploymentPostprocessing = 0;
		};
/* End PBXFrameworksBuildPhase section */

/* Begin PBXGroup section */
		A32531D0267AC2FD007ACEFC = {
			isa = PBXGroup;
			children = (
				A32531DB267AC2FD007ACEFC /* CatVideoPlayer */,
				A32531F1267AC2FE007ACEFC /* CatVideoPlayerTests */,
				A32531FB267AC2FE007ACEFC /* CatVideoPlayerUITests */,
				A32531DA267AC2FD007ACEFC /* Products */,
			);
			sourceTree = "<group>";
		};
		A32531DA267AC2FD007ACEFC /* Products */ = {
			isa = PBXGroup;
			children = (
				A32531D9267AC2FD007ACEFC /* CatVideoPlayer.app */,
				A32531EE267AC2FE007ACEFC /* CatVideoPlayerTests.xctest */,
				A32531F8267AC2FE007ACEFC /* CatVideoPlayerUITests.xctest */,
			);
			name = Products;
			sourceTree = "<group>";
		};
		A32531DB267AC2FD007ACEFC /* CatVideoPlayer */ = {
			isa = PBXGroup;
			children = (
				A34621ED26856CEF007FAACC /* App */,
				A34621E726856BDC007FAACC /* Controllers */,
				A34621EE26856D1E007FAACC /* Library */,
				A34621F2268570F4007FAACC /* Views */,
				A32531E2267AC2FE007ACEFC /* Preview Content */,
			);
			path = CatVideoPlayer;
			sourceTree = "<group>";
		};
		A32531E2267AC2FE007ACEFC /* Preview Content */ = {
			isa = PBXGroup;
			children = (
				A32531E3267AC2FE007ACEFC /* Preview Assets.xcassets */,
			);
			path = "Preview Content";
			sourceTree = "<group>";
		};
		A32531F1267AC2FE007ACEFC /* CatVideoPlayerTests */ = {
			isa = PBXGroup;
			children = (
				A32531F2267AC2FE007ACEFC /* CatVideoPlayerTests.swift */,
			);
			path = CatVideoPlayerTests;
			sourceTree = "<group>";
		};
		A32531FB267AC2FE007ACEFC /* CatVideoPlayerUITests */ = {
			isa = PBXGroup;
			children = (
				A32531FC267AC2FE007ACEFC /* CatVideoPlayerUITests.swift */,
			);
			path = CatVideoPlayerUITests;
			sourceTree = "<group>";
		};
		A325320D267AC9C3007ACEFC /* Videos */ = {
			isa = PBXGroup;
			children = (
				A325320F267AC9DA007ACEFC /* GAME_Catching_Mice.mp4 */,
			);
			path = Videos;
			sourceTree = "<group>";
		};
		A34621E726856BDC007FAACC /* Controllers */ = {
			isa = PBXGroup;
			children = (
				A34621F126856E01007FAACC /* VideoPlayer */,
			);
			path = Controllers;
			sourceTree = "<group>";
		};
		A34621EA26856C33007FAACC /* Views */ = {
			isa = PBXGroup;
			children = (
				A34621EB26856C37007FAACC /* VideoPlayerView.swift */,
			);
			path = Views;
			sourceTree = "<group>";
		};
		A34621ED26856CEF007FAACC /* App */ = {
			isa = PBXGroup;
			children = (
				A32531DC267AC2FD007ACEFC /* CatVideoPlayerApp.swift */,
			);
			path = App;
			sourceTree = "<group>";
		};
		A34621EE26856D1E007FAACC /* Library */ = {
			isa = PBXGroup;
			children = (
				A34621EF26856D34007FAACC /* Assets */,
				A34621F726858467007FAACC /* Extensions */,
				A34621F026856D5B007FAACC /* Persistence */,
				A325320D267AC9C3007ACEFC /* Videos */,
				A34621EA26856C33007FAACC /* Views */,
			);
			path = Library;
			sourceTree = "<group>";
		};
		A34621EF26856D34007FAACC /* Assets */ = {
			isa = PBXGroup;
			children = (
				A32531E0267AC2FE007ACEFC /* Assets.xcassets */,
			);
			path = Assets;
			sourceTree = "<group>";
		};
		A34621F026856D5B007FAACC /* Persistence */ = {
			isa = PBXGroup;
			children = (
				A32531E5267AC2FE007ACEFC /* Persistence.swift */,
				A32531E7267AC2FE007ACEFC /* CatVideoPlayer.xcdatamodeld */,
			);
			path = Persistence;
			sourceTree = "<group>";
		};
		A34621F126856E01007FAACC /* VideoPlayer */ = {
			isa = PBXGroup;
			children = (
				A34621E826856C05007FAACC /* VidePlayerViewController.swift */,
			);
			path = VideoPlayer;
			sourceTree = "<group>";
		};
		A34621F2268570F4007FAACC /* Views */ = {
			isa = PBXGroup;
			children = (
				A32531DE267AC2FD007ACEFC /* ContentView.swift */,
				A34621F326857176007FAACC /* VideosListView.swift */,
				A34621F5268573FB007FAACC /* VideoURLInputView.swift */,
			);
			path = Views;
			sourceTree = "<group>";
		};
		A34621F726858467007FAACC /* Extensions */ = {
			isa = PBXGroup;
			children = (
				A34621F8268584E7007FAACC /* URL+Extension.swift */,
			);
			path = Extensions;
			sourceTree = "<group>";
		};
/* End PBXGroup section */

/* Begin PBXNativeTarget section */
		A32531D8267AC2FD007ACEFC /* CatVideoPlayer */ = {
			isa = PBXNativeTarget;
			buildConfigurationList = A3253200267AC2FE007ACEFC /* Build configuration list for PBXNativeTarget "CatVideoPlayer" */;
			buildPhases = (
				A32531D5267AC2FD007ACEFC /* Sources */,
				A32531D6267AC2FD007ACEFC /* Frameworks */,
				A32531D7267AC2FD007ACEFC /* Resources */,
			);
			buildRules = (
			);
			dependencies = (
			);
			name = CatVideoPlayer;
			productName = CatVideoPlayer;
			productReference = A32531D9267AC2FD007ACEFC /* CatVideoPlayer.app */;
			productType = "com.apple.product-type.application";
		};
		A32531ED267AC2FE007ACEFC /* CatVideoPlayerTests */ = {
			isa = PBXNativeTarget;
			buildConfigurationList = A3253203267AC2FE007ACEFC /* Build configuration list for PBXNativeTarget "CatVideoPlayerTests" */;
			buildPhases = (
				A32531EA267AC2FE007ACEFC /* Sources */,
				A32531EB267AC2FE007ACEFC /* Frameworks */,
				A32531EC267AC2FE007ACEFC /* Resources */,
			);
			buildRules = (
			);
			dependencies = (
				A32531F0267AC2FE007ACEFC /* PBXTargetDependency */,
			);
			name = CatVideoPlayerTests;
			productName = CatVideoPlayerTests;
			productReference = A32531EE267AC2FE007ACEFC /* CatVideoPlayerTests.xctest */;
			productType = "com.apple.product-type.bundle.unit-test";
		};
		A32531F7267AC2FE007ACEFC /* CatVideoPlayerUITests */ = {
			isa = PBXNativeTarget;
			buildConfigurationList = A3253206267AC2FE007ACEFC /* Build configuration list for PBXNativeTarget "CatVideoPlayerUITests" */;
			buildPhases = (
				A32531F4267AC2FE007ACEFC /* Sources */,
				A32531F5267AC2FE007ACEFC /* Frameworks */,
				A32531F6267AC2FE007ACEFC /* Resources */,
			);
			buildRules = (
			);
			dependencies = (
				A32531FA267AC2FE007ACEFC /* PBXTargetDependency */,
			);
			name = CatVideoPlayerUITests;
			productName = CatVideoPlayerUITests;
			productReference = A32531F8267AC2FE007ACEFC /* CatVideoPlayerUITests.xctest */;
			productType = "com.apple.product-type.bundle.ui-testing";
		};
/* End PBXNativeTarget section */

/* Begin PBXProject section */
		A32531D1267AC2FD007ACEFC /* Project object */ = {
			isa = PBXProject;
			attributes = {
				BuildIndependentTargetsInParallel = 1;
				LastSwiftUpdateCheck = 1300;
				LastUpgradeCheck = 1300;
				TargetAttributes = {
					A32531D8267AC2FD007ACEFC = {
						CreatedOnToolsVersion = 13.0;
					};
					A32531ED267AC2FE007ACEFC = {
						CreatedOnToolsVersion = 13.0;
						TestTargetID = A32531D8267AC2FD007ACEFC;
					};
					A32531F7267AC2FE007ACEFC = {
						CreatedOnToolsVersion = 13.0;
						TestTargetID = A32531D8267AC2FD007ACEFC;
					};
				};
			};
			buildConfigurationList = A32531D4267AC2FD007ACEFC /* Build configuration list for PBXProject "CatVideoPlayer" */;
			compatibilityVersion = "Xcode 13.0";
			developmentRegion = en;
			hasScannedForEncodings = 0;
			knownRegions = (
				en,
				Base,
			);
			mainGroup = A32531D0267AC2FD007ACEFC;
			productRefGroup = A32531DA267AC2FD007ACEFC /* Products */;
			projectDirPath = "";
			projectRoot = "";
			targets = (
				A32531D8267AC2FD007ACEFC /* CatVideoPlayer */,
				A32531ED267AC2FE007ACEFC /* CatVideoPlayerTests */,
				A32531F7267AC2FE007ACEFC /* CatVideoPlayerUITests */,
			);
		};
/* End PBXProject section */

/* Begin PBXResourcesBuildPhase section */
		A32531D7267AC2FD007ACEFC /* Resources */ = {
			isa = PBXResourcesBuildPhase;
			buildActionMask = 2147483647;
			files = (
				A3253210267ACA47007ACEFC /* GAME_Catching_Mice.mp4 in Resources */,
				A32531E4267AC2FE007ACEFC /* Preview Assets.xcassets in Resources */,
				A32531E1267AC2FE007ACEFC /* Assets.xcassets in Resources */,
			);
			runOnlyForDeploymentPostprocessing = 0;
		};
		A32531EC267AC2FE007ACEFC /* Resources */ = {
			isa = PBXResourcesBuildPhase;
			buildActionMask = 2147483647;
			files = (
			);
			runOnlyForDeploymentPostprocessing = 0;
		};
		A32531F6267AC2FE007ACEFC /* Resources */ = {
			isa = PBXResourcesBuildPhase;
			buildActionMask = 2147483647;
			files = (
			);
			runOnlyForDeploymentPostprocessing = 0;
		};
/* End PBXResourcesBuildPhase section */

/* Begin PBXSourcesBuildPhase section */
		A32531D5267AC2FD007ACEFC /* Sources */ = {
			isa = PBXSourcesBuildPhase;
			buildActionMask = 2147483647;
			files = (
				A34621F426857176007FAACC /* VideosListView.swift in Sources */,
				A32531E6267AC2FE007ACEFC /* Persistence.swift in Sources */,
				A32531DF267AC2FD007ACEFC /* ContentView.swift in Sources */,
				A32531DD267AC2FD007ACEFC /* CatVideoPlayerApp.swift in Sources */,
				A34621EC26856C37007FAACC /* VideoPlayerView.swift in Sources */,
				A34621F9268584E7007FAACC /* URL+Extension.swift in Sources */,
				A34621E926856C05007FAACC /* VidePlayerViewController.swift in Sources */,
				A32531E9267AC2FE007ACEFC /* CatVideoPlayer.xcdatamodeld in Sources */,
				A34621F6268573FB007FAACC /* VideoURLInputView.swift in Sources */,
			);
			runOnlyForDeploymentPostprocessing = 0;
		};
		A32531EA267AC2FE007ACEFC /* Sources */ = {
			isa = PBXSourcesBuildPhase;
			buildActionMask = 2147483647;
			files = (
				A32531F3267AC2FE007ACEFC /* CatVideoPlayerTests.swift in Sources */,
			);
			runOnlyForDeploymentPostprocessing = 0;
		};
		A32531F4267AC2FE007ACEFC /* Sources */ = {
			isa = PBXSourcesBuildPhase;
			buildActionMask = 2147483647;
			files = (
				A32531FD267AC2FE007ACEFC /* CatVideoPlayerUITests.swift in Sources */,
			);
			runOnlyForDeploymentPostprocessing = 0;
		};
/* End PBXSourcesBuildPhase section */

/* Begin PBXTargetDependency section */
		A32531F0267AC2FE007ACEFC /* PBXTargetDependency */ = {
			isa = PBXTargetDependency;
			target = A32531D8267AC2FD007ACEFC /* CatVideoPlayer */;
			targetProxy = A32531EF267AC2FE007ACEFC /* PBXContainerItemProxy */;
		};
		A32531FA267AC2FE007ACEFC /* PBXTargetDependency */ = {
			isa = PBXTargetDependency;
			target = A32531D8267AC2FD007ACEFC /* CatVideoPlayer */;
			targetProxy = A32531F9267AC2FE007ACEFC /* PBXContainerItemProxy */;
		};
/* End PBXTargetDependency section */

/* Begin XCBuildConfiguration section */
		A32531FE267AC2FE007ACEFC /* Debug */ = {
			isa = XCBuildConfiguration;
			buildSettings = {
				ALWAYS_SEARCH_USER_PATHS = NO;
				CLANG_ANALYZER_NONNULL = YES;
				CLANG_ANALYZER_NUMBER_OBJECT_CONVERSION = YES_AGGRESSIVE;
				CLANG_CXX_LANGUAGE_STANDARD = "gnu++14";
				CLANG_CXX_LIBRARY = "libc++";
				CLANG_ENABLE_MODULES = YES;
				CLANG_ENABLE_OBJC_ARC = YES;
				CLANG_ENABLE_OBJC_WEAK = YES;
				CLANG_WARN_BLOCK_CAPTURE_AUTORELEASING = YES;
				CLANG_WARN_BOOL_CONVERSION = YES;
				CLANG_WARN_COMMA = YES;
				CLANG_WARN_CONSTANT_CONVERSION = YES;
				CLANG_WARN_DEPRECATED_OBJC_IMPLEMENTATIONS = YES;
				CLANG_WARN_DIRECT_OBJC_ISA_USAGE = YES_ERROR;
				CLANG_WARN_DOCUMENTATION_COMMENTS = YES;
				CLANG_WARN_EMPTY_BODY = YES;
				CLANG_WARN_ENUM_CONVERSION = YES;
				CLANG_WARN_INFINITE_RECURSION = YES;
				CLANG_WARN_INT_CONVERSION = YES;
				CLANG_WARN_NON_LITERAL_NULL_CONVERSION = YES;
				CLANG_WARN_OBJC_IMPLICIT_RETAIN_SELF = YES;
				CLANG_WARN_OBJC_LITERAL_CONVERSION = YES;
				CLANG_WARN_OBJC_ROOT_CLASS = YES_ERROR;
				CLANG_WARN_QUOTED_INCLUDE_IN_FRAMEWORK_HEADER = YES;
				CLANG_WARN_RANGE_LOOP_ANALYSIS = YES;
				CLANG_WARN_STRICT_PROTOTYPES = YES;
				CLANG_WARN_SUSPICIOUS_MOVE = YES;
				CLANG_WARN_UNGUARDED_AVAILABILITY = YES_AGGRESSIVE;
				CLANG_WARN_UNREACHABLE_CODE = YES;
				CLANG_WARN__DUPLICATE_METHOD_MATCH = YES;
				COPY_PHASE_STRIP = NO;
				DEBUG_INFORMATION_FORMAT = dwarf;
				ENABLE_STRICT_OBJC_MSGSEND = YES;
				ENABLE_TESTABILITY = YES;
				GCC_C_LANGUAGE_STANDARD = gnu11;
				GCC_DYNAMIC_NO_PIC = NO;
				GCC_NO_COMMON_BLOCKS = YES;
				GCC_OPTIMIZATION_LEVEL = 0;
				GCC_PREPROCESSOR_DEFINITIONS = (
					"DEBUG=1",
					"$(inherited)",
				);
				GCC_WARN_64_TO_32_BIT_CONVERSION = YES;
				GCC_WARN_ABOUT_RETURN_TYPE = YES_ERROR;
				GCC_WARN_UNDECLARED_SELECTOR = YES;
				GCC_WARN_UNINITIALIZED_AUTOS = YES_AGGRESSIVE;
				GCC_WARN_UNUSED_FUNCTION = YES;
				GCC_WARN_UNUSED_VARIABLE = YES;
				IPHONEOS_DEPLOYMENT_TARGET = 15.0;
				MTL_ENABLE_DEBUG_INFO = INCLUDE_SOURCE;
				MTL_FAST_MATH = YES;
				ONLY_ACTIVE_ARCH = YES;
				SDKROOT = iphoneos;
				SWIFT_ACTIVE_COMPILATION_CONDITIONS = DEBUG;
				SWIFT_OPTIMIZATION_LEVEL = "-Onone";
			};
			name = Debug;
		};
		A32531FF267AC2FE007ACEFC /* Release */ = {
			isa = XCBuildConfiguration;
			buildSettings = {
				ALWAYS_SEARCH_USER_PATHS = NO;
				CLANG_ANALYZER_NONNULL = YES;
				CLANG_ANALYZER_NUMBER_OBJECT_CONVERSION = YES_AGGRESSIVE;
				CLANG_CXX_LANGUAGE_STANDARD = "gnu++14";
				CLANG_CXX_LIBRARY = "libc++";
				CLANG_ENABLE_MODULES = YES;
				CLANG_ENABLE_OBJC_ARC = YES;
				CLANG_ENABLE_OBJC_WEAK = YES;
				CLANG_WARN_BLOCK_CAPTURE_AUTORELEASING = YES;
				CLANG_WARN_BOOL_CONVERSION = YES;
				CLANG_WARN_COMMA = YES;
				CLANG_WARN_CONSTANT_CONVERSION = YES;
				CLANG_WARN_DEPRECATED_OBJC_IMPLEMENTATIONS = YES;
				CLANG_WARN_DIRECT_OBJC_ISA_USAGE = YES_ERROR;
				CLANG_WARN_DOCUMENTATION_COMMENTS = YES;
				CLANG_WARN_EMPTY_BODY = YES;
				CLANG_WARN_ENUM_CONVERSION = YES;
				CLANG_WARN_INFINITE_RECURSION = YES;
				CLANG_WARN_INT_CONVERSION = YES;
				CLANG_WARN_NON_LITERAL_NULL_CONVERSION = YES;
				CLANG_WARN_OBJC_IMPLICIT_RETAIN_SELF = YES;
				CLANG_WARN_OBJC_LITERAL_CONVERSION = YES;
				CLANG_WARN_OBJC_ROOT_CLASS = YES_ERROR;
				CLANG_WARN_QUOTED_INCLUDE_IN_FRAMEWORK_HEADER = YES;
				CLANG_WARN_RANGE_LOOP_ANALYSIS = YES;
				CLANG_WARN_STRICT_PROTOTYPES = YES;
				CLANG_WARN_SUSPICIOUS_MOVE = YES;
				CLANG_WARN_UNGUARDED_AVAILABILITY = YES_AGGRESSIVE;
				CLANG_WARN_UNREACHABLE_CODE = YES;
				CLANG_WARN__DUPLICATE_METHOD_MATCH = YES;
				COPY_PHASE_STRIP = NO;
				DEBUG_INFORMATION_FORMAT = "dwarf-with-dsym";
				ENABLE_NS_ASSERTIONS = NO;
				ENABLE_STRICT_OBJC_MSGSEND = YES;
				GCC_C_LANGUAGE_STANDARD = gnu11;
				GCC_NO_COMMON_BLOCKS = YES;
				GCC_WARN_64_TO_32_BIT_CONVERSION = YES;
				GCC_WARN_ABOUT_RETURN_TYPE = YES_ERROR;
				GCC_WARN_UNDECLARED_SELECTOR = YES;
				GCC_WARN_UNINITIALIZED_AUTOS = YES_AGGRESSIVE;
				GCC_WARN_UNUSED_FUNCTION = YES;
				GCC_WARN_UNUSED_VARIABLE = YES;
				IPHONEOS_DEPLOYMENT_TARGET = 15.0;
				MTL_ENABLE_DEBUG_INFO = NO;
				MTL_FAST_MATH = YES;
				SDKROOT = iphoneos;
				SWIFT_COMPILATION_MODE = wholemodule;
				SWIFT_OPTIMIZATION_LEVEL = "-O";
				VALIDATE_PRODUCT = YES;
			};
			name = Release;
		};
		A3253201267AC2FE007ACEFC /* Debug */ = {
			isa = XCBuildConfiguration;
			buildSettings = {
				ASSETCATALOG_COMPILER_APPICON_NAME = AppIcon;
				ASSETCATALOG_COMPILER_GLOBAL_ACCENT_COLOR_NAME = AccentColor;
				CODE_SIGN_STYLE = Automatic;
				CURRENT_PROJECT_VERSION = 1;
				DEVELOPMENT_ASSET_PATHS = "\"CatVideoPlayer/Preview Content\"";
				DEVELOPMENT_TEAM = XBJV9DRMC3;
				ENABLE_PREVIEWS = YES;
				GENERATE_INFOPLIST_FILE = YES;
				INFOPLIST_KEY_UIApplicationSceneManifest_Generation = YES;
				INFOPLIST_KEY_UIApplicationSupportsIndirectInputEvents = YES;
				INFOPLIST_KEY_UILaunchScreen_Generation = YES;
				INFOPLIST_KEY_UISupportedInterfaceOrientations_iPad = "UIInterfaceOrientationPortrait UIInterfaceOrientationPortraitUpsideDown UIInterfaceOrientationLandscapeLeft UIInterfaceOrientationLandscapeRight";
				INFOPLIST_KEY_UISupportedInterfaceOrientations_iPhone = "UIInterfaceOrientationPortrait UIInterfaceOrientationLandscapeLeft UIInterfaceOrientationLandscapeRight";
				IPHONEOS_DEPLOYMENT_TARGET = 14.0;
				LD_RUNPATH_SEARCH_PATHS = (
					"$(inherited)",
					"@executable_path/Frameworks",
				);
				MARKETING_VERSION = 1.0;
				PRODUCT_BUNDLE_IDENTIFIER = com.romanTheBaby.CatVideoPlayer;
				PRODUCT_NAME = "$(TARGET_NAME)";
				SWIFT_EMIT_LOC_STRINGS = YES;
				SWIFT_VERSION = 5.0;
				TARGETED_DEVICE_FAMILY = "1,2";
			};
			name = Debug;
		};
		A3253202267AC2FE007ACEFC /* Release */ = {
			isa = XCBuildConfiguration;
			buildSettings = {
				ASSETCATALOG_COMPILER_APPICON_NAME = AppIcon;
				ASSETCATALOG_COMPILER_GLOBAL_ACCENT_COLOR_NAME = AccentColor;
				CODE_SIGN_STYLE = Automatic;
				CURRENT_PROJECT_VERSION = 1;
				DEVELOPMENT_ASSET_PATHS = "\"CatVideoPlayer/Preview Content\"";
				DEVELOPMENT_TEAM = XBJV9DRMC3;
				ENABLE_PREVIEWS = YES;
				GENERATE_INFOPLIST_FILE = YES;
				INFOPLIST_KEY_UIApplicationSceneManifest_Generation = YES;
				INFOPLIST_KEY_UIApplicationSupportsIndirectInputEvents = YES;
				INFOPLIST_KEY_UILaunchScreen_Generation = YES;
				INFOPLIST_KEY_UISupportedInterfaceOrientations_iPad = "UIInterfaceOrientationPortrait UIInterfaceOrientationPortraitUpsideDown UIInterfaceOrientationLandscapeLeft UIInterfaceOrientationLandscapeRight";
				INFOPLIST_KEY_UISupportedInterfaceOrientations_iPhone = "UIInterfaceOrientationPortrait UIInterfaceOrientationLandscapeLeft UIInterfaceOrientationLandscapeRight";
				IPHONEOS_DEPLOYMENT_TARGET = 14.0;
				LD_RUNPATH_SEARCH_PATHS = (
					"$(inherited)",
					"@executable_path/Frameworks",
				);
				MARKETING_VERSION = 1.0;
				PRODUCT_BUNDLE_IDENTIFIER = com.romanTheBaby.CatVideoPlayer;
				PRODUCT_NAME = "$(TARGET_NAME)";
				SWIFT_EMIT_LOC_STRINGS = YES;
				SWIFT_VERSION = 5.0;
				TARGETED_DEVICE_FAMILY = "1,2";
			};
			name = Release;
		};
		A3253204267AC2FE007ACEFC /* Debug */ = {
			isa = XCBuildConfiguration;
			buildSettings = {
				ALWAYS_EMBED_SWIFT_STANDARD_LIBRARIES = YES;
				BUNDLE_LOADER = "$(TEST_HOST)";
				CODE_SIGN_STYLE = Automatic;
				CURRENT_PROJECT_VERSION = 1;
				GENERATE_INFOPLIST_FILE = YES;
				IPHONEOS_DEPLOYMENT_TARGET = 14.0;
				LD_RUNPATH_SEARCH_PATHS = (
					"$(inherited)",
					"@executable_path/Frameworks",
					"@loader_path/Frameworks",
				);
				MARKETING_VERSION = 1.0;
				PRODUCT_BUNDLE_IDENTIFIER = com.romanTheBaby.CatVideoPlayerTests;
				PRODUCT_NAME = "$(TARGET_NAME)";
				SWIFT_EMIT_LOC_STRINGS = NO;
				SWIFT_VERSION = 5.0;
				TARGETED_DEVICE_FAMILY = "1,2";
				TEST_HOST = "$(BUILT_PRODUCTS_DIR)/CatVideoPlayer.app/CatVideoPlayer";
			};
			name = Debug;
		};
		A3253205267AC2FE007ACEFC /* Release */ = {
			isa = XCBuildConfiguration;
			buildSettings = {
				ALWAYS_EMBED_SWIFT_STANDARD_LIBRARIES = YES;
				BUNDLE_LOADER = "$(TEST_HOST)";
				CODE_SIGN_STYLE = Automatic;
				CURRENT_PROJECT_VERSION = 1;
				GENERATE_INFOPLIST_FILE = YES;
				IPHONEOS_DEPLOYMENT_TARGET = 14.0;
				LD_RUNPATH_SEARCH_PATHS = (
					"$(inherited)",
					"@executable_path/Frameworks",
					"@loader_path/Frameworks",
				);
				MARKETING_VERSION = 1.0;
				PRODUCT_BUNDLE_IDENTIFIER = com.romanTheBaby.CatVideoPlayerTests;
				PRODUCT_NAME = "$(TARGET_NAME)";
				SWIFT_EMIT_LOC_STRINGS = NO;
				SWIFT_VERSION = 5.0;
				TARGETED_DEVICE_FAMILY = "1,2";
				TEST_HOST = "$(BUILT_PRODUCTS_DIR)/CatVideoPlayer.app/CatVideoPlayer";
			};
			name = Release;
		};
		A3253207267AC2FE007ACEFC /* Debug */ = {
			isa = XCBuildConfiguration;
			buildSettings = {
				ALWAYS_EMBED_SWIFT_STANDARD_LIBRARIES = YES;
				CODE_SIGN_STYLE = Automatic;
				CURRENT_PROJECT_VERSION = 1;
				GENERATE_INFOPLIST_FILE = YES;
				LD_RUNPATH_SEARCH_PATHS = (
					"$(inherited)",
					"@executable_path/Frameworks",
					"@loader_path/Frameworks",
				);
				MARKETING_VERSION = 1.0;
				PRODUCT_BUNDLE_IDENTIFIER = com.romanTheBaby.CatVideoPlayerUITests;
				PRODUCT_NAME = "$(TARGET_NAME)";
				SWIFT_EMIT_LOC_STRINGS = NO;
				SWIFT_VERSION = 5.0;
				TARGETED_DEVICE_FAMILY = "1,2";
				TEST_TARGET_NAME = CatVideoPlayer;
			};
			name = Debug;
		};
		A3253208267AC2FE007ACEFC /* Release */ = {
			isa = XCBuildConfiguration;
			buildSettings = {
				ALWAYS_EMBED_SWIFT_STANDARD_LIBRARIES = YES;
				CODE_SIGN_STYLE = Automatic;
				CURRENT_PROJECT_VERSION = 1;
				GENERATE_INFOPLIST_FILE = YES;
				LD_RUNPATH_SEARCH_PATHS = (
					"$(inherited)",
					"@executable_path/Frameworks",
					"@loader_path/Frameworks",
				);
				MARKETING_VERSION = 1.0;
				PRODUCT_BUNDLE_IDENTIFIER = com.romanTheBaby.CatVideoPlayerUITests;
				PRODUCT_NAME = "$(TARGET_NAME)";
				SWIFT_EMIT_LOC_STRINGS = NO;
				SWIFT_VERSION = 5.0;
				TARGETED_DEVICE_FAMILY = "1,2";
				TEST_TARGET_NAME = CatVideoPlayer;
			};
			name = Release;
		};
/* End XCBuildConfiguration section */

/* Begin XCConfigurationList section */
		A32531D4267AC2FD007ACEFC /* Build configuration list for PBXProject "CatVideoPlayer" */ = {
			isa = XCConfigurationList;
			buildConfigurations = (
				A32531FE267AC2FE007ACEFC /* Debug */,
				A32531FF267AC2FE007ACEFC /* Release */,
			);
			defaultConfigurationIsVisible = 0;
			defaultConfigurationName = Release;
		};
		A3253200267AC2FE007ACEFC /* Build configuration list for PBXNativeTarget "CatVideoPlayer" */ = {
			isa = XCConfigurationList;
			buildConfigurations = (
				A3253201267AC2FE007ACEFC /* Debug */,
				A3253202267AC2FE007ACEFC /* Release */,
			);
			defaultConfigurationIsVisible = 0;
			defaultConfigurationName = Release;
		};
		A3253203267AC2FE007ACEFC /* Build configuration list for PBXNativeTarget "CatVideoPlayerTests" */ = {
			isa = XCConfigurationList;
			buildConfigurations = (
				A3253204267AC2FE007ACEFC /* Debug */,
				A3253205267AC2FE007ACEFC /* Release */,
			);
			defaultConfigurationIsVisible = 0;
			defaultConfigurationName = Release;
		};
		A3253206267AC2FE007ACEFC /* Build configuration list for PBXNativeTarget "CatVideoPlayerUITests" */ = {
			isa = XCConfigurationList;
			buildConfigurations = (
				A3253207267AC2FE007ACEFC /* Debug */,
				A3253208267AC2FE007ACEFC /* Release */,
			);
			defaultConfigurationIsVisible = 0;
			defaultConfigurationName = Release;
		};
/* End XCConfigurationList section */

/* Begin XCVersionGroup section */
		A32531E7267AC2FE007ACEFC /* CatVideoPlayer.xcdatamodeld */ = {
			isa = XCVersionGroup;
			children = (
				A32531E8267AC2FE007ACEFC /* CatVideoPlayer.xcdatamodel */,
			);
			currentVersion = A32531E8267AC2FE007ACEFC /* CatVideoPlayer.xcdatamodel */;
			path = CatVideoPlayer.xcdatamodeld;
			sourceTree = "<group>";
			versionGroupType = wrapper.xcdatamodel;
		};
/* End XCVersionGroup section */
	};
	rootObject = A32531D1267AC2FD007ACEFC /* Project object */;
}
